
Microsoft Visual Studio Solution File, Format Version 12.00
# Visual Studio Version 17
VisualStudioVersion = 17.2.32630.192
MinimumVisualStudioVersion = 10.0.40219.1
Project("{FAE04EC0-301F-11D3-BF4B-00C04F79EFBC}") = "AIS.Net.Data", "AIS.Data\AIS.Net.Data.csproj", "{702A7F2D-B80A-432E-8AEF-08AD439E3440}"
EndProject
Project("{FAE04EC0-301F-11D3-BF4B-00C04F79EFBC}") = "AIS.Net.Domain", "AIS.Domain\AIS.Net.Domain.csproj", "{318A2288-F83C-4443-94FE-8DE388D0E93C}"
EndProject
Project("{FAE04EC0-301F-11D3-BF4B-00C04F79EFBC}") = "AIS.Net", "AIS.Net\AIS.Net.csproj", "{737D63AA-E075-4BDE-98BD-9CE1C3DA4C4A}"
EndProject
Project("{FAE04EC0-301F-11D3-BF4B-00C04F79EFBC}") = "SessionUtility", "SessionUtility\SessionUtility.csproj", "{33B699AE-AE4C-4660-AFF1-9F9873A00606}"
EndProject
Project("{E24C65DC-7377-472B-9ABA-BC803B73C61A}") = "AlS", "AlS\", "{DC4E2B14-A521-4D7D-B0EA-7E5459DBF6A4}"
	ProjectSection(WebsiteProperties) = preProject
		TargetFrameworkMoniker = ".NETFramework,Version%3Dv4.8"
		Debug.AspNetCompiler.VirtualPath = "/localhost_63161"
		Debug.AspNetCompiler.PhysicalPath = "AlS\"
		Debug.AspNetCompiler.TargetPath = "PrecompiledWeb\localhost_63161\"
		Debug.AspNetCompiler.Updateable = "true"
		Debug.AspNetCompiler.ForceOverwrite = "true"
		Debug.AspNetCompiler.FixedNames = "false"
		Debug.AspNetCompiler.Debug = "True"
		Release.AspNetCompiler.VirtualPath = "/localhost_63161"
		Release.AspNetCompiler.PhysicalPath = "AlS\"
		Release.AspNetCompiler.TargetPath = "PrecompiledWeb\localhost_63161\"
		Release.AspNetCompiler.Updateable = "true"
		Release.AspNetCompiler.ForceOverwrite = "true"
		Release.AspNetCompiler.FixedNames = "false"
		Release.AspNetCompiler.Debug = "False"
		VWDPort = "63161"
		SlnRelativePath = "AlS\"
	EndProjectSection
EndProject
Global
	GlobalSection(SolutionConfigurationPlatforms) = preSolution
		Debug|Any CPU = Debug|Any CPU
		Release|Any CPU = Release|Any CPU
	EndGlobalSection
	GlobalSection(ProjectConfigurationPlatforms) = postSolution
		{702A7F2D-B80A-432E-8AEF-08AD439E3440}.Debug|Any CPU.ActiveCfg = Debug|Any CPU
		{702A7F2D-B80A-432E-8AEF-08AD439E3440}.Debug|Any CPU.Build.0 = Debug|Any CPU
		{702A7F2D-B80A-432E-8AEF-08AD439E3440}.Release|Any CPU.ActiveCfg = Release|Any CPU
		{702A7F2D-B80A-432E-8AEF-08AD439E3440}.Release|Any CPU.Build.0 = Release|Any CPU
		{318A2288-F83C-4443-94FE-8DE388D0E93C}.Debug|Any CPU.ActiveCfg = Debug|Any CPU
		{318A2288-F83C-4443-94FE-8DE388D0E93C}.Debug|Any CPU.Build.0 = Debug|Any CPU
		{318A2288-F83C-4443-94FE-8DE388D0E93C}.Release|Any CPU.ActiveCfg = Release|Any CPU
		{318A2288-F83C-4443-94FE-8DE388D0E93C}.Release|Any CPU.Build.0 = Release|Any CPU
		{737D63AA-E075-4BDE-98BD-9CE1C3DA4C4A}.Debug|Any CPU.ActiveCfg = Debug|Any CPU
		{737D63AA-E075-4BDE-98BD-9CE1C3DA4C4A}.Debug|Any CPU.Build.0 = Debug|Any CPU
		{737D63AA-E075-4BDE-98BD-9CE1C3DA4C4A}.Release|Any CPU.ActiveCfg = Release|Any CPU
		{737D63AA-E075-4BDE-98BD-9CE1C3DA4C4A}.Release|Any CPU.Build.0 = Release|Any CPU
		{33B699AE-AE4C-4660-AFF1-9F9873A00606}.Debug|Any CPU.ActiveCfg = Debug|Any CPU
		{33B699AE-AE4C-4660-AFF1-9F9873A00606}.Debug|Any CPU.Build.0 = Debug|Any CPU
		{33B699AE-AE4C-4660-AFF1-9F9873A00606}.Release|Any CPU.ActiveCfg = Release|Any CPU
		{33B699AE-AE4C-4660-AFF1-9F9873A00606}.Release|Any CPU.Build.0 = Release|Any CPU
		{DC4E2B14-A521-4D7D-B0EA-7E5459DBF6A4}.Debug|Any CPU.ActiveCfg = Debug|Any CPU
		{DC4E2B14-A521-4D7D-B0EA-7E5459DBF6A4}.Debug|Any CPU.Build.0 = Debug|Any CPU
		{DC4E2B14-A521-4D7D-B0EA-7E5459DBF6A4}.Release|Any CPU.ActiveCfg = Debug|Any CPU
		{DC4E2B14-A521-4D7D-B0EA-7E5459DBF6A4}.Release|Any CPU.Build.0 = Debug|Any CPU
	EndGlobalSection
	GlobalSection(SolutionProperties) = preSolution
		HideSolutionNode = FALSE
	EndGlobalSection
	GlobalSection(ExtensibilityGlobals) = postSolution
		SolutionGuid = {006779AC-191D-4B1D-8563-62B0DF00D8DA}
	EndGlobalSection
EndGlobal
